
Microsoft Visual Studio Solution File, Format Version 10.00
# Visual Studio 2008
Project("{FAE04EC0-301F-11D3-BF4B-00C04F79EFBC}") = "GTD", "GTD\GTD.csproj", "{5DDBE837-D3DE-45C8-BBC5-D9A65B91C9DD}"
EndProject
Project("{FAE04EC0-301F-11D3-BF4B-00C04F79EFBC}") = "net.toodledo", "net.toodledo\net.toodledo.csproj", "{3CC36F34-A5B6-4B85-8452-0CEA69A981F5}"
EndProject
Project("{FAE04EC0-301F-11D3-BF4B-00C04F79EFBC}") = "net.toodledo.test", "net.toodledo.test\net.toodledo.test.csproj", "{50BB8747-EAA5-4119-A813-358BF7FCE05B}"
EndProject
Global
	GlobalSection(SolutionConfigurationPlatforms) = preSolution
		Debug|Any CPU = Debug|Any CPU
		Release|Any CPU = Release|Any CPU
	EndGlobalSection
	GlobalSection(ProjectConfigurationPlatforms) = postSolution
		{5DDBE837-D3DE-45C8-BBC5-D9A65B91C9DD}.Debug|Any CPU.ActiveCfg = Debug|Any CPU
		{5DDBE837-D3DE-45C8-BBC5-D9A65B91C9DD}.Debug|Any CPU.Build.0 = Debug|Any CPU
		{5DDBE837-D3DE-45C8-BBC5-D9A65B91C9DD}.Release|Any CPU.ActiveCfg = Release|Any CPU
		{5DDBE837-D3DE-45C8-BBC5-D9A65B91C9DD}.Release|Any CPU.Build.0 = Release|Any CPU
		{3CC36F34-A5B6-4B85-8452-0CEA69A981F5}.Debug|Any CPU.ActiveCfg = Debug|Any CPU
		{3CC36F34-A5B6-4B85-8452-0CEA69A981F5}.Debug|Any CPU.Build.0 = Debug|Any CPU
		{3CC36F34-A5B6-4B85-8452-0CEA69A981F5}.Release|Any CPU.ActiveCfg = Release|Any CPU
		{3CC36F34-A5B6-4B85-8452-0CEA69A981F5}.Release|Any CPU.Build.0 = Release|Any CPU
		{50BB8747-EAA5-4119-A813-358BF7FCE05B}.Debug|Any CPU.ActiveCfg = Debug|Any CPU
		{50BB8747-EAA5-4119-A813-358BF7FCE05B}.Debug|Any CPU.Build.0 = Debug|Any CPU
		{50BB8747-EAA5-4119-A813-358BF7FCE05B}.Release|Any CPU.ActiveCfg = Release|Any CPU
		{50BB8747-EAA5-4119-A813-358BF7FCE05B}.Release|Any CPU.Build.0 = Release|Any CPU
	EndGlobalSection
	GlobalSection(SolutionProperties) = preSolution
		HideSolutionNode = FALSE
	EndGlobalSection
EndGlobal
